{
  "name": "testing-gherkin-wrapper",
  "lockfileVersion": 3,
  "requires": true,
  "packages": {
    "": {
      "devDependencies": {
        "@playwright/test": "^1.33.0",
        "gherkin-wrapper": "^0.1.2"
      }
    },
    "node_modules/@cucumber/gherkin": {
      "version": "26.2.0",
      "resolved": "https://registry.npmjs.org/@cucumber/gherkin/-/gherkin-26.2.0.tgz",
      "integrity": "sha512-iRSiK8YAIHAmLrn/mUfpAx7OXZ7LyNlh1zT89RoziSVCbqSVDxJS6ckEzW8loxs+EEXl0dKPQOXiDmbHV+C/fA==",
      "dev": true,
      "dependencies": {
        "@cucumber/messages": ">=19.1.4 <=22"
      }
    },
    "node_modules/@cucumber/messages": {
      "version": "22.0.0",
      "resolved": "https://registry.npmjs.org/@cucumber/messages/-/messages-22.0.0.tgz",
      "integrity": "sha512-EuaUtYte9ilkxcKmfqGF9pJsHRUU0jwie5ukuZ/1NPTuHS1LxHPsGEODK17RPRbZHOFhqybNzG2rHAwThxEymg==",
      "dev": true,
      "dependencies": {
        "@types/uuid": "9.0.1",
        "class-transformer": "0.5.1",
        "reflect-metadata": "0.1.13",
        "uuid": "9.0.0"
      }
    },
    "node_modules/@playwright/test": {
      "version": "1.33.0",
      "resolved": "https://registry.npmjs.org/@playwright/test/-/test-1.33.0.tgz",
      "integrity": "sha512-YunBa2mE7Hq4CfPkGzQRK916a4tuZoVx/EpLjeWlTVOnD4S2+fdaQZE0LJkbfhN5FTSKNLdcl7MoT5XB37bTkg==",
      "dev": true,
      "dependencies": {
        "@types/node": "*",
        "playwright-core": "1.33.0"
      },
      "bin": {
        "playwright": "cli.js"
      },
      "engines": {
        "node": ">=14"
      },
      "optionalDependencies": {
        "fsevents": "2.3.2"
      }
    },
    "node_modules/@types/node": {
      "version": "20.1.2",
      "resolved": "https://registry.npmjs.org/@types/node/-/node-20.1.2.tgz",
      "integrity": "sha512-CTO/wa8x+rZU626cL2BlbCDzydgnFNgc19h4YvizpTO88MFQxab8wqisxaofQJ/9bLGugRdWIuX/TbIs6VVF6g==",
      "dev": true
    },
    "node_modules/@types/uuid": {
      "version": "9.0.1",
      "resolved": "https://registry.npmjs.org/@types/uuid/-/uuid-9.0.1.tgz",
      "integrity": "sha512-rFT3ak0/2trgvp4yYZo5iKFEPsET7vKydKF+VRCxlQ9bpheehyAJH89dAkaLEq/j/RZXJIqcgsmPJKUP1Z28HA==",
      "dev": true
    },
    "node_modules/class-transformer": {
      "version": "0.5.1",
      "resolved": "https://registry.npmjs.org/class-transformer/-/class-transformer-0.5.1.tgz",
      "integrity": "sha512-SQa1Ws6hUbfC98vKGxZH3KFY0Y1lm5Zm0SY8XX9zbK7FJCyVEac3ATW0RIpwzW+oOfmHE5PMPufDG9hCfoEOMw==",
      "dev": true
    },
    "node_modules/fsevents": {
      "version": "2.3.2",
      "resolved": "https://registry.npmjs.org/fsevents/-/fsevents-2.3.2.tgz",
      "integrity": "sha512-xiqMQR4xAeHTuB9uWm+fFRcIOgKBMiOBP+eXiyT7jsgVCq1bkVygt00oASowB7EdtpOHaaPgKt812P9ab+DDKA==",
      "dev": true,
      "hasInstallScript": true,
      "optional": true,
      "os": [
        "darwin"
      ],
      "engines": {
        "node": "^8.16.0 || ^10.6.0 || >=11.0.0"
      }
    },
    "node_modules/gherkin-wrapper": {
      "version": "0.1.2",
      "resolved": "https://registry.npmjs.org/gherkin-wrapper/-/gherkin-wrapper-0.1.2.tgz",
      "integrity": "sha512-TOZClczVJRStpPJAXgI/r8Y8+khy7WdMu8ZbomhtM7c9L2uSJpXAgXV2G7xU+oa12SMGbFywl/0B2+DanPyOQA==",
      "dev": true,
      "dependencies": {
        "@cucumber/gherkin": "^26.2.0",
        "@cucumber/messages": "^22.0.0"
      }
    },
    "node_modules/playwright-core": {
      "version": "1.33.0",
      "resolved": "https://registry.npmjs.org/playwright-core/-/playwright-core-1.33.0.tgz",
      "integrity": "sha512-aizyPE1Cj62vAECdph1iaMILpT0WUDCq3E6rW6I+dleSbBoGbktvJtzS6VHkZ4DKNEOG9qJpiom/ZxO+S15LAw==",
      "dev": true,
      "bin": {
        "playwright": "cli.js"
      },
      "engines": {
        "node": ">=14"
      }
    },
    "node_modules/reflect-metadata": {
      "version": "0.1.13",
      "resolved": "https://registry.npmjs.org/reflect-metadata/-/reflect-metadata-0.1.13.tgz",
      "integrity": "sha512-Ts1Y/anZELhSsjMcU605fU9RE4Oi3p5ORujwbIKXfWa+0Zxs510Qrmrce5/Jowq3cHSZSJqBjypxmHarc+vEWg==",
      "dev": true
    },
    "node_modules/uuid": {
      "version": "9.0.0",
      "resolved": "https://registry.npmjs.org/uuid/-/uuid-9.0.0.tgz",
      "integrity": "sha512-MXcSTerfPa4uqyzStbRoTgt5XIe3x5+42+q1sDuy3R5MDk66URdLMOZe5aPX/SQd+kuYAh0FdP/pO28IkQyTeg==",
      "dev": true,
      "bin": {
        "uuid": "dist/bin/uuid"
      }
    }
  }
}
